<?xml version="1.0" encoding="utf-8"?>
<Project ToolsVersion="4.0" xmlns="http://schemas.microsoft.com/developer/msbuild/2003">
  <ItemGroup>
    <Filter Include="소스 파일">
      <UniqueIdentifier>{4FC737F1-C7A5-4376-A066-2A32D752A2FF}</UniqueIdentifier>
      <Extensions>cpp;c;cc;cxx;c++;cppm;ixx;def;odl;idl;hpj;bat;asm;asmx</Extensions>
    </Filter>
    <Filter Include="헤더 파일">
      <UniqueIdentifier>{93995380-89BD-4b04-88EB-625FBE52EBFB}</UniqueIdentifier>
      <Extensions>h;hh;hpp;hxx;h++;hm;inl;inc;ipp;xsd</Extensions>
    </Filter>
    <Filter Include="리소스 파일">
      <UniqueIdentifier>{67DA6AB6-F800-4c08-8B7A-83BB121AAD01}</UniqueIdentifier>
      <Extensions>rc;ico;cur;bmp;dlg;rc2;rct;bin;rgs;gif;jpg;jpeg;jpe;resx;tiff;tif;png;wav;mfcribbon-ms</Extensions>
    </Filter>
  </ItemGroup>
  <ItemGroup>
    <ClCompile Include="1.boggle%28practice%29.cpp">
      <Filter>소스 파일</Filter>
    </ClCompile>
    <ClCompile Include="2.PICNIC.cpp">
      <Filter>소스 파일</Filter>
    </ClCompile>
    <ClCompile Include="3.BOARDCOVER.cpp">
      <Filter>소스 파일</Filter>
    </ClCompile>
    <ClCompile Include="4.CLOCKSYNC.cpp">
      <Filter>소스 파일</Filter>
    </ClCompile>
    <ClCompile Include="0.permutation,combination.cpp">
      <Filter>소스 파일</Filter>
    </ClCompile>
    <ClCompile Include="Divide_and_conquer.cpp">
      <Filter>소스 파일</Filter>
    </ClCompile>
    <ClCompile Include="5.QUARDTREE.cpp">
      <Filter>소스 파일</Filter>
    </ClCompile>
    <ClCompile Include="6.FENCE.cpp">
      <Filter>소스 파일</Filter>
    </ClCompile>
    <ClCompile Include="FANMEETING.cpp">
      <Filter>소스 파일</Filter>
    </ClCompile>
    <ClCompile Include="dynamic.cpp">
      <Filter>소스 파일</Filter>
    </ClCompile>
    <ClCompile Include="jumpgame.cpp">
      <Filter>소스 파일</Filter>
    </ClCompile>
    <ClCompile Include="WILDCARD.cpp">
      <Filter>소스 파일</Filter>
    </ClCompile>
    <ClCompile Include="TRIANGLEPATH.cpp">
      <Filter>소스 파일</Filter>
    </ClCompile>
    <ClCompile Include="LIS.cpp">
      <Filter>소스 파일</Filter>
    </ClCompile>
    <ClCompile Include="JLIS.cpp">
      <Filter>소스 파일</Filter>
    </ClCompile>
    <ClCompile Include="PI.cpp">
      <Filter>소스 파일</Filter>
    </ClCompile>
    <ClCompile Include="QUANTIZE.cpp">
      <Filter>소스 파일</Filter>
    </ClCompile>
    <ClCompile Include="TILING2.cpp">
      <Filter>소스 파일</Filter>
    </ClCompile>
    <ClCompile Include="TRIPATHCNT.cpp">
      <Filter>소스 파일</Filter>
    </ClCompile>
    <ClCompile Include="ASYTILING.cpp">
      <Filter>소스 파일</Filter>
    </ClCompile>
    <ClCompile Include="POLY.cpp">
      <Filter>소스 파일</Filter>
    </ClCompile>
    <ClCompile Include="NUMB3RS.cpp">
      <Filter>소스 파일</Filter>
    </ClCompile>
    <ClCompile Include="PACKING.cpp">
      <Filter>소스 파일</Filter>
    </ClCompile>
    <ClCompile Include="MORSE.cpp">
      <Filter>소스 파일</Filter>
    </ClCompile>
    <ClCompile Include="KLIS.cpp">
      <Filter>소스 파일</Filter>
    </ClCompile>
    <ClCompile Include="DRAGON.cpp">
      <Filter>소스 파일</Filter>
    </ClCompile>
    <ClCompile Include="ZIMBABWE.cpp">
      <Filter>소스 파일</Filter>
    </ClCompile>
    <ClCompile Include="RESTORE.cpp">
      <Filter>소스 파일</Filter>
    </ClCompile>
    <ClCompile Include="TICTACTOE.cpp">
      <Filter>소스 파일</Filter>
    </ClCompile>
    <ClCompile Include="NUMBERGAME.cpp">
      <Filter>소스 파일</Filter>
    </ClCompile>
    <ClCompile Include="BLOCKGAME.cpp">
      <Filter>소스 파일</Filter>
    </ClCompile>
    <ClCompile Include="SUSHI.cpp">
      <Filter>소스 파일</Filter>
    </ClCompile>
    <ClCompile Include="GENIUS.cpp">
      <Filter>소스 파일</Filter>
    </ClCompile>
    <ClCompile Include="LUNCHBOX.cpp">
      <Filter>소스 파일</Filter>
    </ClCompile>
    <ClCompile Include="STRJOIN.cpp">
      <Filter>소스 파일</Filter>
    </ClCompile>
    <ClCompile Include="MINASTIRITH.cpp">
      <Filter>소스 파일</Filter>
    </ClCompile>
    <ClCompile Include="combination.cpp">
      <Filter>소스 파일</Filter>
    </ClCompile>
    <ClCompile Include="BOARDCOVER2.cpp">
      <Filter>소스 파일</Filter>
    </ClCompile>
    <ClCompile Include="ALLERGY.cpp">
      <Filter>소스 파일</Filter>
    </ClCompile>
    <ClCompile Include="KAKURO2.cpp">
      <Filter>소스 파일</Filter>
    </ClCompile>
    <ClCompile Include="DARPA.cpp">
      <Filter>소스 파일</Filter>
    </ClCompile>
    <ClCompile Include="ARCTIC.cpp">
      <Filter>소스 파일</Filter>
    </ClCompile>
    <ClCompile Include="CANDATRIP.cpp">
      <Filter>소스 파일</Filter>
    </ClCompile>
    <ClCompile Include="WITHDrAWAL.cpp">
      <Filter>소스 파일</Filter>
    </ClCompile>
    <ClCompile Include="RATIO.cpp">
      <Filter>소스 파일</Filter>
    </ClCompile>
    <ClCompile Include="PASS486.cpp">
      <Filter>소스 파일</Filter>
    </ClCompile>
    <ClCompile Include="POTION.cpp">
      <Filter>소스 파일</Filter>
    </ClCompile>
  </ItemGroup>
</Project>